// !$*UTF8*$!
{
	archiveVersion = 1;
	classes = {
	};
	objectVersion = 51;
	objects = {

/* Begin PBXBuildFile section */
		0E09672022AE7F5C00E85F48 /* Welcome.storyboard in Resources */ = {isa = PBXBuildFile; fileRef = 0E09671F22AE7F5C00E85F48 /* Welcome.storyboard */; };
		0E09672222AE7FCF00E85F48 /* WelcomeViewController.swift in Sources */ = {isa = PBXBuildFile; fileRef = 0E09672122AE7FCF00E85F48 /* WelcomeViewController.swift */; };
		0E09672522AE897000E85F48 /* CALayer+IB.swift in Sources */ = {isa = PBXBuildFile; fileRef = 0E09672422AE897000E85F48 /* CALayer+IB.swift */; };
		0E09672822AE8D7A00E85F48 /* Discover.storyboard in Resources */ = {isa = PBXBuildFile; fileRef = 0E09672722AE8D7A00E85F48 /* Discover.storyboard */; };
		0E09672C22AE94F000E85F48 /* DiscoverTableViewCell.swift in Sources */ = {isa = PBXBuildFile; fileRef = 0E09672B22AE94F000E85F48 /* DiscoverTableViewCell.swift */; };
		0E502FA822B2784C00E8A6CC /* RuuviTag.storyboard in Resources */ = {isa = PBXBuildFile; fileRef = 0E502FA722B2784C00E8A6CC /* RuuviTag.storyboard */; };
		0E502FAA22B278F500E8A6CC /* RuuviTagViewController.swift in Sources */ = {isa = PBXBuildFile; fileRef = 0E502FA922B278F500E8A6CC /* RuuviTagViewController.swift */; };
		0E502FAC22B27A3100E8A6CC /* RuuviTagViewInput.swift in Sources */ = {isa = PBXBuildFile; fileRef = 0E502FAB22B27A3100E8A6CC /* RuuviTagViewInput.swift */; };
		0E502FAE22B27A4E00E8A6CC /* RuuviTagViewOutput.swift in Sources */ = {isa = PBXBuildFile; fileRef = 0E502FAD22B27A4E00E8A6CC /* RuuviTagViewOutput.swift */; };
		0E502FB022B27A7800E8A6CC /* RuuviTagModuleInput.swift in Sources */ = {isa = PBXBuildFile; fileRef = 0E502FAF22B27A7800E8A6CC /* RuuviTagModuleInput.swift */; };
		0E502FB222B27AA800E8A6CC /* RuuviTagPresenter.swift in Sources */ = {isa = PBXBuildFile; fileRef = 0E502FB122B27AA800E8A6CC /* RuuviTagPresenter.swift */; };
		0E502FB522B27B2800E8A6CC /* RuuviTagInitializer.swift in Sources */ = {isa = PBXBuildFile; fileRef = 0E502FB422B27B2800E8A6CC /* RuuviTagInitializer.swift */; };
		0E502FB722B27B5D00E8A6CC /* RuuviTagConfigurator.swift in Sources */ = {isa = PBXBuildFile; fileRef = 0E502FB622B27B5D00E8A6CC /* RuuviTagConfigurator.swift */; };
		0E502FBA22B27D4800E8A6CC /* TemperatureUnit.swift in Sources */ = {isa = PBXBuildFile; fileRef = 0E502FB922B27D4800E8A6CC /* TemperatureUnit.swift */; };
		0E502FBE22B2817900E8A6CC /* DiscoverRouterInput.swift in Sources */ = {isa = PBXBuildFile; fileRef = 0E502FBD22B2817900E8A6CC /* DiscoverRouterInput.swift */; };
		0E502FC022B2819B00E8A6CC /* DiscoverRouter.swift in Sources */ = {isa = PBXBuildFile; fileRef = 0E502FBF22B2819B00E8A6CC /* DiscoverRouter.swift */; };
		0E502FC422B285B900E8A6CC /* RuuviTagAddTransitioningDelegate.swift in Sources */ = {isa = PBXBuildFile; fileRef = 0E502FC322B285B900E8A6CC /* RuuviTagAddTransitioningDelegate.swift */; };
		0E502FC622B285E700E8A6CC /* RuuviTagAddPresentTransitionAnimation.swift in Sources */ = {isa = PBXBuildFile; fileRef = 0E502FC522B285E700E8A6CC /* RuuviTagAddPresentTransitionAnimation.swift */; };
		0E502FC822B2861F00E8A6CC /* RuuviTagAddDismissTransitionAnimation.swift in Sources */ = {isa = PBXBuildFile; fileRef = 0E502FC722B2861F00E8A6CC /* RuuviTagAddDismissTransitionAnimation.swift */; };
		0E502FCA22B2864E00E8A6CC /* RuuviTagAddPresentationController.swift in Sources */ = {isa = PBXBuildFile; fileRef = 0E502FC922B2864E00E8A6CC /* RuuviTagAddPresentationController.swift */; };
		0E502FCD22B2876A00E8A6CC /* RuuviTagRouter.swift in Sources */ = {isa = PBXBuildFile; fileRef = 0E502FCC22B2876A00E8A6CC /* RuuviTagRouter.swift */; };
		0E502FCF22B2877900E8A6CC /* RuuviTagRouterInput.swift in Sources */ = {isa = PBXBuildFile; fileRef = 0E502FCE22B2877900E8A6CC /* RuuviTagRouterInput.swift */; };
		0E70A46022AF9567006CB87C /* ViewInput.swift in Sources */ = {isa = PBXBuildFile; fileRef = 0E70A45F22AF9567006CB87C /* ViewInput.swift */; };
		0E70A46322AF959E006CB87C /* Localizable.swift in Sources */ = {isa = PBXBuildFile; fileRef = 0E70A46222AF959E006CB87C /* Localizable.swift */; };
		0E70A46622AF962A006CB87C /* Themeable.swift in Sources */ = {isa = PBXBuildFile; fileRef = 0E70A46522AF962A006CB87C /* Themeable.swift */; };
		0E70A46822AF9658006CB87C /* Theme.swift in Sources */ = {isa = PBXBuildFile; fileRef = 0E70A46722AF9658006CB87C /* Theme.swift */; };
		0E70A46C22AF9705006CB87C /* DiscoverTableViewController.swift in Sources */ = {isa = PBXBuildFile; fileRef = 0E70A46B22AF9705006CB87C /* DiscoverTableViewController.swift */; };
		0E70A46E22AF9763006CB87C /* DiscoverViewInput.swift in Sources */ = {isa = PBXBuildFile; fileRef = 0E70A46D22AF9763006CB87C /* DiscoverViewInput.swift */; };
		0E70A47022AF9790006CB87C /* DiscoverViewOutput.swift in Sources */ = {isa = PBXBuildFile; fileRef = 0E70A46F22AF9790006CB87C /* DiscoverViewOutput.swift */; };
		0E70A47322AF9953006CB87C /* DiscoverModuleInput.swift in Sources */ = {isa = PBXBuildFile; fileRef = 0E70A47222AF9953006CB87C /* DiscoverModuleInput.swift */; };
		0E70A47522AF9978006CB87C /* DiscoverPresenter.swift in Sources */ = {isa = PBXBuildFile; fileRef = 0E70A47422AF9978006CB87C /* DiscoverPresenter.swift */; };
		0E70A47B22AF9BE2006CB87C /* DiscoverTableInitializer.swift in Sources */ = {isa = PBXBuildFile; fileRef = 0E70A47A22AF9BE2006CB87C /* DiscoverTableInitializer.swift */; };
		0E70A47D22AF9BFE006CB87C /* DiscoverTableConfigurator.swift in Sources */ = {isa = PBXBuildFile; fileRef = 0E70A47C22AF9BFE006CB87C /* DiscoverTableConfigurator.swift */; };
		0E70A48022AFA335006CB87C /* DiscoverPulsatorViewController.swift in Sources */ = {isa = PBXBuildFile; fileRef = 0E70A47F22AFA335006CB87C /* DiscoverPulsatorViewController.swift */; };
		0E70A48222AFC36E006CB87C /* DiscoverPulsatorCollectionViewCell.swift in Sources */ = {isa = PBXBuildFile; fileRef = 0E70A48122AFC36E006CB87C /* DiscoverPulsatorCollectionViewCell.swift */; };
		0E70A48522AFC4FF006CB87C /* DiscoverPulsatorInitializer.swift in Sources */ = {isa = PBXBuildFile; fileRef = 0E70A48422AFC4FF006CB87C /* DiscoverPulsatorInitializer.swift */; };
		0E70A48722AFC52B006CB87C /* DiscoverPulsatorConfigurator.swift in Sources */ = {isa = PBXBuildFile; fileRef = 0E70A48622AFC52B006CB87C /* DiscoverPulsatorConfigurator.swift */; };
		0E70A48B22AFC77F006CB87C /* Pulsator.swift in Sources */ = {isa = PBXBuildFile; fileRef = 0E70A48A22AFC77F006CB87C /* Pulsator.swift */; };
		0E70A48D22B1FFAF006CB87C /* CircleCollectionViewLayout.swift in Sources */ = {isa = PBXBuildFile; fileRef = 0E70A48C22B1FFAE006CB87C /* CircleCollectionViewLayout.swift */; };
		268EA9BA2C182DD504F0BD56 /* Pods_station.framework in Frameworks */ = {isa = PBXBuildFile; fileRef = 54B4F5FBEA2D054A5C9E071A /* Pods_station.framework */; };
		64333D2920B0C45900CDF4B6 /* AppDelegate.swift in Sources */ = {isa = PBXBuildFile; fileRef = 64333D2820B0C45900CDF4B6 /* AppDelegate.swift */; };
		64333D2E20B0C45900CDF4B6 /* Main.storyboard in Resources */ = {isa = PBXBuildFile; fileRef = 64333D2C20B0C45900CDF4B6 /* Main.storyboard */; };
		64333D3020B0C45A00CDF4B6 /* Assets.xcassets in Resources */ = {isa = PBXBuildFile; fileRef = 64333D2F20B0C45A00CDF4B6 /* Assets.xcassets */; };
		64333D3320B0C45A00CDF4B6 /* LaunchScreen.storyboard in Resources */ = {isa = PBXBuildFile; fileRef = 64333D3120B0C45A00CDF4B6 /* LaunchScreen.storyboard */; };
		64333D3E20B0C45A00CDF4B6 /* stationTests.swift in Sources */ = {isa = PBXBuildFile; fileRef = 64333D3D20B0C45A00CDF4B6 /* stationTests.swift */; };
		64333D4920B0C45B00CDF4B6 /* stationUITests.swift in Sources */ = {isa = PBXBuildFile; fileRef = 64333D4820B0C45B00CDF4B6 /* stationUITests.swift */; };
		643C651F21C38F490037BE5B /* Montserrat-Bold.ttf in Resources */ = {isa = PBXBuildFile; fileRef = 643C651E21C38F490037BE5B /* Montserrat-Bold.ttf */; };
		643EEC2B2266435100D4E837 /* Oswald-ExtraLight.ttf in Resources */ = {isa = PBXBuildFile; fileRef = 643EEC2A2266435100D4E837 /* Oswald-ExtraLight.ttf */; };
		64678191225D03300072856A /* Muli-Bold.ttf in Resources */ = {isa = PBXBuildFile; fileRef = 64678190225D02CE0072856A /* Muli-Bold.ttf */; };
		64678192225D03330072856A /* Muli-Regular.ttf in Resources */ = {isa = PBXBuildFile; fileRef = 6467818F225CFB170072856A /* Muli-Regular.ttf */; };
		6486971020E0436A00CCD7C1 /* Oswald-Bold.ttf in Resources */ = {isa = PBXBuildFile; fileRef = 6486970F20E042E000CCD7C1 /* Oswald-Bold.ttf */; };
		6486971220E0439200CCD7C1 /* Montserrat-Regular.ttf in Resources */ = {isa = PBXBuildFile; fileRef = 6486971120E0439200CCD7C1 /* Montserrat-Regular.ttf */; };
/* End PBXBuildFile section */

/* Begin PBXContainerItemProxy section */
		64333D3A20B0C45A00CDF4B6 /* PBXContainerItemProxy */ = {
			isa = PBXContainerItemProxy;
			containerPortal = 64333D1D20B0C45900CDF4B6 /* Project object */;
			proxyType = 1;
			remoteGlobalIDString = 64333D2420B0C45900CDF4B6;
			remoteInfo = station;
		};
		64333D4520B0C45B00CDF4B6 /* PBXContainerItemProxy */ = {
			isa = PBXContainerItemProxy;
			containerPortal = 64333D1D20B0C45900CDF4B6 /* Project object */;
			proxyType = 1;
			remoteGlobalIDString = 64333D2420B0C45900CDF4B6;
			remoteInfo = station;
		};
/* End PBXContainerItemProxy section */

/* Begin PBXFileReference section */
		0E09671F22AE7F5C00E85F48 /* Welcome.storyboard */ = {isa = PBXFileReference; lastKnownFileType = file.storyboard; path = Welcome.storyboard; sourceTree = "<group>"; };
		0E09672122AE7FCF00E85F48 /* WelcomeViewController.swift */ = {isa = PBXFileReference; lastKnownFileType = sourcecode.swift; path = WelcomeViewController.swift; sourceTree = "<group>"; };
		0E09672422AE897000E85F48 /* CALayer+IB.swift */ = {isa = PBXFileReference; fileEncoding = 4; lastKnownFileType = sourcecode.swift; path = "CALayer+IB.swift"; sourceTree = "<group>"; };
		0E09672722AE8D7A00E85F48 /* Discover.storyboard */ = {isa = PBXFileReference; lastKnownFileType = file.storyboard; path = Discover.storyboard; sourceTree = "<group>"; };
		0E09672B22AE94F000E85F48 /* DiscoverTableViewCell.swift */ = {isa = PBXFileReference; lastKnownFileType = sourcecode.swift; path = DiscoverTableViewCell.swift; sourceTree = "<group>"; };
		0E502FA722B2784C00E8A6CC /* RuuviTag.storyboard */ = {isa = PBXFileReference; lastKnownFileType = file.storyboard; path = RuuviTag.storyboard; sourceTree = "<group>"; };
		0E502FA922B278F500E8A6CC /* RuuviTagViewController.swift */ = {isa = PBXFileReference; lastKnownFileType = sourcecode.swift; path = RuuviTagViewController.swift; sourceTree = "<group>"; };
		0E502FAB22B27A3100E8A6CC /* RuuviTagViewInput.swift */ = {isa = PBXFileReference; lastKnownFileType = sourcecode.swift; path = RuuviTagViewInput.swift; sourceTree = "<group>"; };
		0E502FAD22B27A4E00E8A6CC /* RuuviTagViewOutput.swift */ = {isa = PBXFileReference; lastKnownFileType = sourcecode.swift; path = RuuviTagViewOutput.swift; sourceTree = "<group>"; };
		0E502FAF22B27A7800E8A6CC /* RuuviTagModuleInput.swift */ = {isa = PBXFileReference; lastKnownFileType = sourcecode.swift; path = RuuviTagModuleInput.swift; sourceTree = "<group>"; };
		0E502FB122B27AA800E8A6CC /* RuuviTagPresenter.swift */ = {isa = PBXFileReference; lastKnownFileType = sourcecode.swift; path = RuuviTagPresenter.swift; sourceTree = "<group>"; };
		0E502FB422B27B2800E8A6CC /* RuuviTagInitializer.swift */ = {isa = PBXFileReference; lastKnownFileType = sourcecode.swift; path = RuuviTagInitializer.swift; sourceTree = "<group>"; };
		0E502FB622B27B5D00E8A6CC /* RuuviTagConfigurator.swift */ = {isa = PBXFileReference; lastKnownFileType = sourcecode.swift; path = RuuviTagConfigurator.swift; sourceTree = "<group>"; };
		0E502FB922B27D4800E8A6CC /* TemperatureUnit.swift */ = {isa = PBXFileReference; lastKnownFileType = sourcecode.swift; path = TemperatureUnit.swift; sourceTree = "<group>"; };
		0E502FBD22B2817900E8A6CC /* DiscoverRouterInput.swift */ = {isa = PBXFileReference; lastKnownFileType = sourcecode.swift; path = DiscoverRouterInput.swift; sourceTree = "<group>"; };
		0E502FBF22B2819B00E8A6CC /* DiscoverRouter.swift */ = {isa = PBXFileReference; lastKnownFileType = sourcecode.swift; path = DiscoverRouter.swift; sourceTree = "<group>"; };
		0E502FC322B285B900E8A6CC /* RuuviTagAddTransitioningDelegate.swift */ = {isa = PBXFileReference; lastKnownFileType = sourcecode.swift; path = RuuviTagAddTransitioningDelegate.swift; sourceTree = "<group>"; };
		0E502FC522B285E700E8A6CC /* RuuviTagAddPresentTransitionAnimation.swift */ = {isa = PBXFileReference; lastKnownFileType = sourcecode.swift; path = RuuviTagAddPresentTransitionAnimation.swift; sourceTree = "<group>"; };
		0E502FC722B2861F00E8A6CC /* RuuviTagAddDismissTransitionAnimation.swift */ = {isa = PBXFileReference; lastKnownFileType = sourcecode.swift; path = RuuviTagAddDismissTransitionAnimation.swift; sourceTree = "<group>"; };
		0E502FC922B2864E00E8A6CC /* RuuviTagAddPresentationController.swift */ = {isa = PBXFileReference; lastKnownFileType = sourcecode.swift; path = RuuviTagAddPresentationController.swift; sourceTree = "<group>"; };
		0E502FCC22B2876A00E8A6CC /* RuuviTagRouter.swift */ = {isa = PBXFileReference; lastKnownFileType = sourcecode.swift; path = RuuviTagRouter.swift; sourceTree = "<group>"; };
		0E502FCE22B2877900E8A6CC /* RuuviTagRouterInput.swift */ = {isa = PBXFileReference; lastKnownFileType = sourcecode.swift; path = RuuviTagRouterInput.swift; sourceTree = "<group>"; };
		0E70A45F22AF9567006CB87C /* ViewInput.swift */ = {isa = PBXFileReference; lastKnownFileType = sourcecode.swift; path = ViewInput.swift; sourceTree = "<group>"; };
		0E70A46222AF959E006CB87C /* Localizable.swift */ = {isa = PBXFileReference; lastKnownFileType = sourcecode.swift; path = Localizable.swift; sourceTree = "<group>"; };
		0E70A46522AF962A006CB87C /* Themeable.swift */ = {isa = PBXFileReference; lastKnownFileType = sourcecode.swift; path = Themeable.swift; sourceTree = "<group>"; };
		0E70A46722AF9658006CB87C /* Theme.swift */ = {isa = PBXFileReference; lastKnownFileType = sourcecode.swift; path = Theme.swift; sourceTree = "<group>"; };
		0E70A46B22AF9705006CB87C /* DiscoverTableViewController.swift */ = {isa = PBXFileReference; fileEncoding = 4; lastKnownFileType = sourcecode.swift; path = DiscoverTableViewController.swift; sourceTree = "<group>"; };
		0E70A46D22AF9763006CB87C /* DiscoverViewInput.swift */ = {isa = PBXFileReference; lastKnownFileType = sourcecode.swift; path = DiscoverViewInput.swift; sourceTree = "<group>"; };
		0E70A46F22AF9790006CB87C /* DiscoverViewOutput.swift */ = {isa = PBXFileReference; lastKnownFileType = sourcecode.swift; path = DiscoverViewOutput.swift; sourceTree = "<group>"; };
		0E70A47222AF9953006CB87C /* DiscoverModuleInput.swift */ = {isa = PBXFileReference; lastKnownFileType = sourcecode.swift; path = DiscoverModuleInput.swift; sourceTree = "<group>"; };
		0E70A47422AF9978006CB87C /* DiscoverPresenter.swift */ = {isa = PBXFileReference; lastKnownFileType = sourcecode.swift; path = DiscoverPresenter.swift; sourceTree = "<group>"; };
		0E70A47A22AF9BE2006CB87C /* DiscoverTableInitializer.swift */ = {isa = PBXFileReference; fileEncoding = 4; lastKnownFileType = sourcecode.swift; path = DiscoverTableInitializer.swift; sourceTree = "<group>"; };
		0E70A47C22AF9BFE006CB87C /* DiscoverTableConfigurator.swift */ = {isa = PBXFileReference; lastKnownFileType = sourcecode.swift; path = DiscoverTableConfigurator.swift; sourceTree = "<group>"; };
		0E70A47F22AFA335006CB87C /* DiscoverPulsatorViewController.swift */ = {isa = PBXFileReference; lastKnownFileType = sourcecode.swift; path = DiscoverPulsatorViewController.swift; sourceTree = "<group>"; };
		0E70A48122AFC36E006CB87C /* DiscoverPulsatorCollectionViewCell.swift */ = {isa = PBXFileReference; lastKnownFileType = sourcecode.swift; path = DiscoverPulsatorCollectionViewCell.swift; sourceTree = "<group>"; };
		0E70A48422AFC4FF006CB87C /* DiscoverPulsatorInitializer.swift */ = {isa = PBXFileReference; lastKnownFileType = sourcecode.swift; path = DiscoverPulsatorInitializer.swift; sourceTree = "<group>"; };
		0E70A48622AFC52B006CB87C /* DiscoverPulsatorConfigurator.swift */ = {isa = PBXFileReference; lastKnownFileType = sourcecode.swift; path = DiscoverPulsatorConfigurator.swift; sourceTree = "<group>"; };
		0E70A48A22AFC77F006CB87C /* Pulsator.swift */ = {isa = PBXFileReference; fileEncoding = 4; lastKnownFileType = sourcecode.swift; path = Pulsator.swift; sourceTree = "<group>"; };
		0E70A48C22B1FFAE006CB87C /* CircleCollectionViewLayout.swift */ = {isa = PBXFileReference; lastKnownFileType = sourcecode.swift; path = CircleCollectionViewLayout.swift; sourceTree = "<group>"; };
		54B4F5FBEA2D054A5C9E071A /* Pods_station.framework */ = {isa = PBXFileReference; explicitFileType = wrapper.framework; includeInIndex = 0; path = Pods_station.framework; sourceTree = BUILT_PRODUCTS_DIR; };
		64333D2520B0C45900CDF4B6 /* station.app */ = {isa = PBXFileReference; explicitFileType = wrapper.application; includeInIndex = 0; path = station.app; sourceTree = BUILT_PRODUCTS_DIR; };
		64333D2820B0C45900CDF4B6 /* AppDelegate.swift */ = {isa = PBXFileReference; lastKnownFileType = sourcecode.swift; path = AppDelegate.swift; sourceTree = "<group>"; };
		64333D2D20B0C45900CDF4B6 /* Base */ = {isa = PBXFileReference; lastKnownFileType = file.storyboard; name = Base; path = Base.lproj/Main.storyboard; sourceTree = "<group>"; };
		64333D2F20B0C45A00CDF4B6 /* Assets.xcassets */ = {isa = PBXFileReference; lastKnownFileType = folder.assetcatalog; path = Assets.xcassets; sourceTree = "<group>"; };
		64333D3220B0C45A00CDF4B6 /* Base */ = {isa = PBXFileReference; lastKnownFileType = file.storyboard; name = Base; path = Base.lproj/LaunchScreen.storyboard; sourceTree = "<group>"; };
		64333D3420B0C45A00CDF4B6 /* Info.plist */ = {isa = PBXFileReference; lastKnownFileType = text.plist.xml; path = Info.plist; sourceTree = "<group>"; };
		64333D3920B0C45A00CDF4B6 /* stationTests.xctest */ = {isa = PBXFileReference; explicitFileType = wrapper.cfbundle; includeInIndex = 0; path = stationTests.xctest; sourceTree = BUILT_PRODUCTS_DIR; };
		64333D3D20B0C45A00CDF4B6 /* stationTests.swift */ = {isa = PBXFileReference; lastKnownFileType = sourcecode.swift; path = stationTests.swift; sourceTree = "<group>"; };
		64333D3F20B0C45B00CDF4B6 /* Info.plist */ = {isa = PBXFileReference; lastKnownFileType = text.plist.xml; path = Info.plist; sourceTree = "<group>"; };
		64333D4420B0C45B00CDF4B6 /* stationUITests.xctest */ = {isa = PBXFileReference; explicitFileType = wrapper.cfbundle; includeInIndex = 0; path = stationUITests.xctest; sourceTree = BUILT_PRODUCTS_DIR; };
		64333D4820B0C45B00CDF4B6 /* stationUITests.swift */ = {isa = PBXFileReference; lastKnownFileType = sourcecode.swift; path = stationUITests.swift; sourceTree = "<group>"; };
		64333D4A20B0C45B00CDF4B6 /* Info.plist */ = {isa = PBXFileReference; lastKnownFileType = text.plist.xml; path = Info.plist; sourceTree = "<group>"; };
		643C651E21C38F490037BE5B /* Montserrat-Bold.ttf */ = {isa = PBXFileReference; lastKnownFileType = file; path = "Montserrat-Bold.ttf"; sourceTree = "<group>"; };
		643EEC2A2266435100D4E837 /* Oswald-ExtraLight.ttf */ = {isa = PBXFileReference; lastKnownFileType = file; path = "Oswald-ExtraLight.ttf"; sourceTree = "<group>"; };
		6467818F225CFB170072856A /* Muli-Regular.ttf */ = {isa = PBXFileReference; lastKnownFileType = file; path = "Muli-Regular.ttf"; sourceTree = "<group>"; };
		64678190225D02CE0072856A /* Muli-Bold.ttf */ = {isa = PBXFileReference; lastKnownFileType = file; path = "Muli-Bold.ttf"; sourceTree = "<group>"; };
		6486970F20E042E000CCD7C1 /* Oswald-Bold.ttf */ = {isa = PBXFileReference; lastKnownFileType = file; path = "Oswald-Bold.ttf"; sourceTree = "<group>"; };
		6486971120E0439200CCD7C1 /* Montserrat-Regular.ttf */ = {isa = PBXFileReference; lastKnownFileType = file; path = "Montserrat-Regular.ttf"; sourceTree = "<group>"; };
		7E707F5BD489AD48039C69F6 /* Pods-station.release.xcconfig */ = {isa = PBXFileReference; includeInIndex = 1; lastKnownFileType = text.xcconfig; name = "Pods-station.release.xcconfig"; path = "Target Support Files/Pods-station/Pods-station.release.xcconfig"; sourceTree = "<group>"; };
		9C252460A1DD9D5D5C13F56C /* Pods-station.debug.xcconfig */ = {isa = PBXFileReference; includeInIndex = 1; lastKnownFileType = text.xcconfig; name = "Pods-station.debug.xcconfig"; path = "Target Support Files/Pods-station/Pods-station.debug.xcconfig"; sourceTree = "<group>"; };
/* End PBXFileReference section */

/* Begin PBXFrameworksBuildPhase section */
		64333D2220B0C45900CDF4B6 /* Frameworks */ = {
			isa = PBXFrameworksBuildPhase;
			buildActionMask = 2147483647;
			files = (
				268EA9BA2C182DD504F0BD56 /* Pods_station.framework in Frameworks */,
			);
			runOnlyForDeploymentPostprocessing = 0;
		};
		64333D3620B0C45A00CDF4B6 /* Frameworks */ = {
			isa = PBXFrameworksBuildPhase;
			buildActionMask = 2147483647;
			files = (
			);
			runOnlyForDeploymentPostprocessing = 0;
		};
		64333D4120B0C45B00CDF4B6 /* Frameworks */ = {
			isa = PBXFrameworksBuildPhase;
			buildActionMask = 2147483647;
			files = (
			);
			runOnlyForDeploymentPostprocessing = 0;
		};
/* End PBXFrameworksBuildPhase section */

/* Begin PBXGroup section */
		0E09671522AE74CB00E85F48 /* Application */ = {
			isa = PBXGroup;
			children = (
				64333D2820B0C45900CDF4B6 /* AppDelegate.swift */,
			);
			path = Application;
			sourceTree = "<group>";
		};
		0E09671622AE74D600E85F48 /* Classes */ = {
			isa = PBXGroup;
			children = (
				0E09671522AE74CB00E85F48 /* Application */,
				0E09671922AE764200E85F48 /* Presentation */,
			);
			path = Classes;
			sourceTree = "<group>";
		};
		0E09671722AE762900E85F48 /* Resources */ = {
			isa = PBXGroup;
			children = (
				0E09671A22AE769F00E85F48 /* Plists */,
				0E09671822AE763500E85F48 /* Images */,
				6486970E20E042BC00CCD7C1 /* Fonts */,
			);
			path = Resources;
			sourceTree = "<group>";
		};
		0E09671822AE763500E85F48 /* Images */ = {
			isa = PBXGroup;
			children = (
				64333D2F20B0C45A00CDF4B6 /* Assets.xcassets */,
			);
			path = Images;
			sourceTree = "<group>";
		};
		0E09671922AE764200E85F48 /* Presentation */ = {
			isa = PBXGroup;
			children = (
				0E70A45E22AF9558006CB87C /* Contract */,
				0E09671B22AE76B700E85F48 /* Launch */,
				0E70A46122AF958E006CB87C /* Localization */,
				0E70A46422AF960B006CB87C /* Theme */,
				0E09671C22AE76CC00E85F48 /* Modules */,
			);
			path = Presentation;
			sourceTree = "<group>";
		};
		0E09671A22AE769F00E85F48 /* Plists */ = {
			isa = PBXGroup;
			children = (
				64333D3420B0C45A00CDF4B6 /* Info.plist */,
			);
			path = Plists;
			sourceTree = "<group>";
		};
		0E09671B22AE76B700E85F48 /* Launch */ = {
			isa = PBXGroup;
			children = (
				64333D3120B0C45A00CDF4B6 /* LaunchScreen.storyboard */,
			);
			path = Launch;
			sourceTree = "<group>";
		};
		0E09671C22AE76CC00E85F48 /* Modules */ = {
			isa = PBXGroup;
			children = (
				0E502FA422B2780300E8A6CC /* RuuviTag */,
				0E09672622AE8D6A00E85F48 /* Discover */,
				0E09671E22AE7F2600E85F48 /* Welcome */,
				0E09671D22AE76D800E85F48 /* Main */,
			);
			path = Modules;
			sourceTree = "<group>";
		};
		0E09671D22AE76D800E85F48 /* Main */ = {
			isa = PBXGroup;
			children = (
				64333D2C20B0C45900CDF4B6 /* Main.storyboard */,
			);
			path = Main;
			sourceTree = "<group>";
		};
		0E09671E22AE7F2600E85F48 /* Welcome */ = {
			isa = PBXGroup;
			children = (
				0E09671F22AE7F5C00E85F48 /* Welcome.storyboard */,
				0E09672122AE7FCF00E85F48 /* WelcomeViewController.swift */,
			);
			path = Welcome;
			sourceTree = "<group>";
		};
		0E09672322AE895600E85F48 /* Extensions */ = {
			isa = PBXGroup;
			children = (
				0E09672422AE897000E85F48 /* CALayer+IB.swift */,
			);
			path = Extensions;
			sourceTree = "<group>";
		};
		0E09672622AE8D6A00E85F48 /* Discover */ = {
			isa = PBXGroup;
			children = (
				0E09672722AE8D7A00E85F48 /* Discover.storyboard */,
				0E70A47622AF9B69006CB87C /* Assembly */,
				0E70A47122AF993F006CB87C /* Presenter */,
				0E502FBC22B2816400E8A6CC /* Router */,
				0E70A46922AF96B9006CB87C /* View */,
			);
			path = Discover;
			sourceTree = "<group>";
		};
		0E502FA422B2780300E8A6CC /* RuuviTag */ = {
			isa = PBXGroup;
			children = (
				0E502FA722B2784C00E8A6CC /* RuuviTag.storyboard */,
				0E502FB322B27B1400E8A6CC /* Assembly */,
				0E502FC122B284C600E8A6CC /* Transition */,
				0E502FA622B2783900E8A6CC /* Presenter */,
				0E502FCB22B2875300E8A6CC /* Router */,
				0E502FA522B2783400E8A6CC /* View */,
			);
			path = RuuviTag;
			sourceTree = "<group>";
		};
		0E502FA522B2783400E8A6CC /* View */ = {
			isa = PBXGroup;
			children = (
				0E502FAB22B27A3100E8A6CC /* RuuviTagViewInput.swift */,
				0E502FAD22B27A4E00E8A6CC /* RuuviTagViewOutput.swift */,
				0E502FA922B278F500E8A6CC /* RuuviTagViewController.swift */,
			);
			path = View;
			sourceTree = "<group>";
		};
		0E502FA622B2783900E8A6CC /* Presenter */ = {
			isa = PBXGroup;
			children = (
				0E502FAF22B27A7800E8A6CC /* RuuviTagModuleInput.swift */,
				0E502FB122B27AA800E8A6CC /* RuuviTagPresenter.swift */,
			);
			path = Presenter;
			sourceTree = "<group>";
		};
		0E502FB322B27B1400E8A6CC /* Assembly */ = {
			isa = PBXGroup;
			children = (
				0E502FB422B27B2800E8A6CC /* RuuviTagInitializer.swift */,
				0E502FB622B27B5D00E8A6CC /* RuuviTagConfigurator.swift */,
			);
			path = Assembly;
			sourceTree = "<group>";
		};
		0E502FB822B27D3100E8A6CC /* Enums */ = {
			isa = PBXGroup;
			children = (
				0E502FB922B27D4800E8A6CC /* TemperatureUnit.swift */,
			);
			path = Enums;
			sourceTree = "<group>";
		};
		0E502FBC22B2816400E8A6CC /* Router */ = {
			isa = PBXGroup;
			children = (
				0E502FBD22B2817900E8A6CC /* DiscoverRouterInput.swift */,
				0E502FBF22B2819B00E8A6CC /* DiscoverRouter.swift */,
			);
			path = Router;
			sourceTree = "<group>";
		};
		0E502FC122B284C600E8A6CC /* Transition */ = {
			isa = PBXGroup;
			children = (
				0E502FC222B284D500E8A6CC /* Add */,
			);
			path = Transition;
			sourceTree = "<group>";
		};
		0E502FC222B284D500E8A6CC /* Add */ = {
			isa = PBXGroup;
			children = (
				0E502FC322B285B900E8A6CC /* RuuviTagAddTransitioningDelegate.swift */,
				0E502FC522B285E700E8A6CC /* RuuviTagAddPresentTransitionAnimation.swift */,
				0E502FC722B2861F00E8A6CC /* RuuviTagAddDismissTransitionAnimation.swift */,
				0E502FC922B2864E00E8A6CC /* RuuviTagAddPresentationController.swift */,
			);
			path = Add;
			sourceTree = "<group>";
		};
		0E502FCB22B2875300E8A6CC /* Router */ = {
			isa = PBXGroup;
			children = (
				0E502FCE22B2877900E8A6CC /* RuuviTagRouterInput.swift */,
				0E502FCC22B2876A00E8A6CC /* RuuviTagRouter.swift */,
			);
			path = Router;
			sourceTree = "<group>";
		};
		0E70A45E22AF9558006CB87C /* Contract */ = {
			isa = PBXGroup;
			children = (
				0E70A45F22AF9567006CB87C /* ViewInput.swift */,
			);
			path = Contract;
			sourceTree = "<group>";
		};
		0E70A46122AF958E006CB87C /* Localization */ = {
			isa = PBXGroup;
			children = (
				0E70A46222AF959E006CB87C /* Localizable.swift */,
			);
			path = Localization;
			sourceTree = "<group>";
		};
		0E70A46422AF960B006CB87C /* Theme */ = {
			isa = PBXGroup;
			children = (
				0E70A46722AF9658006CB87C /* Theme.swift */,
				0E70A46522AF962A006CB87C /* Themeable.swift */,
			);
			path = Theme;
			sourceTree = "<group>";
		};
		0E70A46922AF96B9006CB87C /* View */ = {
			isa = PBXGroup;
			children = (
				0E70A47E22AFA31E006CB87C /* Pulsator */,
				0E70A46A22AF96C5006CB87C /* Table */,
				0E70A46D22AF9763006CB87C /* DiscoverViewInput.swift */,
				0E70A46F22AF9790006CB87C /* DiscoverViewOutput.swift */,
			);
			path = View;
			sourceTree = "<group>";
		};
		0E70A46A22AF96C5006CB87C /* Table */ = {
			isa = PBXGroup;
			children = (
				0E09672B22AE94F000E85F48 /* DiscoverTableViewCell.swift */,
				0E70A46B22AF9705006CB87C /* DiscoverTableViewController.swift */,
			);
			path = Table;
			sourceTree = "<group>";
		};
		0E70A47122AF993F006CB87C /* Presenter */ = {
			isa = PBXGroup;
			children = (
				0E70A47222AF9953006CB87C /* DiscoverModuleInput.swift */,
				0E70A47422AF9978006CB87C /* DiscoverPresenter.swift */,
			);
			path = Presenter;
			sourceTree = "<group>";
		};
		0E70A47622AF9B69006CB87C /* Assembly */ = {
			isa = PBXGroup;
			children = (
				0E70A48322AFC4E8006CB87C /* Pulsator */,
				0E70A47922AF9BC6006CB87C /* Table */,
			);
			path = Assembly;
			sourceTree = "<group>";
		};
		0E70A47922AF9BC6006CB87C /* Table */ = {
			isa = PBXGroup;
			children = (
				0E70A47A22AF9BE2006CB87C /* DiscoverTableInitializer.swift */,
				0E70A47C22AF9BFE006CB87C /* DiscoverTableConfigurator.swift */,
			);
			path = Table;
			sourceTree = "<group>";
		};
		0E70A47E22AFA31E006CB87C /* Pulsator */ = {
			isa = PBXGroup;
			children = (
				0E70A48C22B1FFAE006CB87C /* CircleCollectionViewLayout.swift */,
				0E70A48122AFC36E006CB87C /* DiscoverPulsatorCollectionViewCell.swift */,
				0E70A47F22AFA335006CB87C /* DiscoverPulsatorViewController.swift */,
			);
			path = Pulsator;
			sourceTree = "<group>";
		};
		0E70A48322AFC4E8006CB87C /* Pulsator */ = {
			isa = PBXGroup;
			children = (
				0E70A48422AFC4FF006CB87C /* DiscoverPulsatorInitializer.swift */,
				0E70A48622AFC52B006CB87C /* DiscoverPulsatorConfigurator.swift */,
			);
			path = Pulsator;
			sourceTree = "<group>";
		};
		0E70A48822AFC75D006CB87C /* ThirdParty */ = {
			isa = PBXGroup;
			children = (
				0E70A48922AFC773006CB87C /* Pulsator */,
			);
			path = ThirdParty;
			sourceTree = "<group>";
		};
		0E70A48922AFC773006CB87C /* Pulsator */ = {
			isa = PBXGroup;
			children = (
				0E70A48A22AFC77F006CB87C /* Pulsator.swift */,
			);
			path = Pulsator;
			sourceTree = "<group>";
		};
		62FD66A56B206724C5DE9CFE /* Pods */ = {
			isa = PBXGroup;
			children = (
				9C252460A1DD9D5D5C13F56C /* Pods-station.debug.xcconfig */,
				7E707F5BD489AD48039C69F6 /* Pods-station.release.xcconfig */,
			);
			path = Pods;
			sourceTree = "<group>";
		};
		64333D1C20B0C45900CDF4B6 = {
			isa = PBXGroup;
			children = (
				64333D2720B0C45900CDF4B6 /* station */,
				64333D3C20B0C45A00CDF4B6 /* stationTests */,
				64333D4720B0C45B00CDF4B6 /* stationUITests */,
				64333D2620B0C45900CDF4B6 /* Products */,
				62FD66A56B206724C5DE9CFE /* Pods */,
				B876B1B84000518994DDB29C /* Frameworks */,
			);
			sourceTree = "<group>";
		};
		64333D2620B0C45900CDF4B6 /* Products */ = {
			isa = PBXGroup;
			children = (
				64333D2520B0C45900CDF4B6 /* station.app */,
				64333D3920B0C45A00CDF4B6 /* stationTests.xctest */,
				64333D4420B0C45B00CDF4B6 /* stationUITests.xctest */,
			);
			name = Products;
			sourceTree = "<group>";
		};
		64333D2720B0C45900CDF4B6 /* station */ = {
			isa = PBXGroup;
			children = (
				0E09671622AE74D600E85F48 /* Classes */,
				0E502FB822B27D3100E8A6CC /* Enums */,
				0E09672322AE895600E85F48 /* Extensions */,
				0E09671722AE762900E85F48 /* Resources */,
				0E70A48822AFC75D006CB87C /* ThirdParty */,
			);
			path = station;
			sourceTree = "<group>";
		};
		64333D3C20B0C45A00CDF4B6 /* stationTests */ = {
			isa = PBXGroup;
			children = (
				64333D3D20B0C45A00CDF4B6 /* stationTests.swift */,
				64333D3F20B0C45B00CDF4B6 /* Info.plist */,
			);
			path = stationTests;
			sourceTree = "<group>";
		};
		64333D4720B0C45B00CDF4B6 /* stationUITests */ = {
			isa = PBXGroup;
			children = (
				64333D4820B0C45B00CDF4B6 /* stationUITests.swift */,
				64333D4A20B0C45B00CDF4B6 /* Info.plist */,
			);
			path = stationUITests;
			sourceTree = "<group>";
		};
		6486970E20E042BC00CCD7C1 /* Fonts */ = {
			isa = PBXGroup;
			children = (
				64678190225D02CE0072856A /* Muli-Bold.ttf */,
				6467818F225CFB170072856A /* Muli-Regular.ttf */,
				643C651E21C38F490037BE5B /* Montserrat-Bold.ttf */,
				6486971120E0439200CCD7C1 /* Montserrat-Regular.ttf */,
				6486970F20E042E000CCD7C1 /* Oswald-Bold.ttf */,
				643EEC2A2266435100D4E837 /* Oswald-ExtraLight.ttf */,
			);
			path = Fonts;
			sourceTree = "<group>";
		};
		B876B1B84000518994DDB29C /* Frameworks */ = {
			isa = PBXGroup;
			children = (
				54B4F5FBEA2D054A5C9E071A /* Pods_station.framework */,
			);
			name = Frameworks;
			sourceTree = "<group>";
		};
/* End PBXGroup section */

/* Begin PBXNativeTarget section */
		64333D2420B0C45900CDF4B6 /* station */ = {
			isa = PBXNativeTarget;
			buildConfigurationList = 64333D4D20B0C45B00CDF4B6 /* Build configuration list for PBXNativeTarget "station" */;
			buildPhases = (
				2567A7112BEF24FC4AE05742 /* [CP] Check Pods Manifest.lock */,
				64333D2120B0C45900CDF4B6 /* Sources */,
				64333D2220B0C45900CDF4B6 /* Frameworks */,
				64333D2320B0C45900CDF4B6 /* Resources */,
				A43B8107615E95F795F34AEE /* [CP] Embed Pods Frameworks */,
			);
			buildRules = (
			);
			dependencies = (
			);
			name = station;
			productName = station;
			productReference = 64333D2520B0C45900CDF4B6 /* station.app */;
			productType = "com.apple.product-type.application";
		};
		64333D3820B0C45A00CDF4B6 /* stationTests */ = {
			isa = PBXNativeTarget;
			buildConfigurationList = 64333D5020B0C45B00CDF4B6 /* Build configuration list for PBXNativeTarget "stationTests" */;
			buildPhases = (
				64333D3520B0C45A00CDF4B6 /* Sources */,
				64333D3620B0C45A00CDF4B6 /* Frameworks */,
				64333D3720B0C45A00CDF4B6 /* Resources */,
			);
			buildRules = (
			);
			dependencies = (
				64333D3B20B0C45A00CDF4B6 /* PBXTargetDependency */,
			);
			name = stationTests;
			productName = stationTests;
			productReference = 64333D3920B0C45A00CDF4B6 /* stationTests.xctest */;
			productType = "com.apple.product-type.bundle.unit-test";
		};
		64333D4320B0C45B00CDF4B6 /* stationUITests */ = {
			isa = PBXNativeTarget;
			buildConfigurationList = 64333D5320B0C45B00CDF4B6 /* Build configuration list for PBXNativeTarget "stationUITests" */;
			buildPhases = (
				64333D4020B0C45B00CDF4B6 /* Sources */,
				64333D4120B0C45B00CDF4B6 /* Frameworks */,
				64333D4220B0C45B00CDF4B6 /* Resources */,
			);
			buildRules = (
			);
			dependencies = (
				64333D4620B0C45B00CDF4B6 /* PBXTargetDependency */,
			);
			name = stationUITests;
			productName = stationUITests;
			productReference = 64333D4420B0C45B00CDF4B6 /* stationUITests.xctest */;
			productType = "com.apple.product-type.bundle.ui-testing";
		};
/* End PBXNativeTarget section */

/* Begin PBXProject section */
		64333D1D20B0C45900CDF4B6 /* Project object */ = {
			isa = PBXProject;
			attributes = {
				LastSwiftUpdateCheck = 0930;
				LastUpgradeCheck = 0930;
				ORGANIZATIONNAME = "Ruuvi Innovations Oy";
				TargetAttributes = {
					64333D2420B0C45900CDF4B6 = {
						CreatedOnToolsVersion = 9.3.1;
					};
					64333D3820B0C45A00CDF4B6 = {
						CreatedOnToolsVersion = 9.3.1;
						TestTargetID = 64333D2420B0C45900CDF4B6;
					};
					64333D4320B0C45B00CDF4B6 = {
						CreatedOnToolsVersion = 9.3.1;
						TestTargetID = 64333D2420B0C45900CDF4B6;
					};
				};
			};
			buildConfigurationList = 64333D2020B0C45900CDF4B6 /* Build configuration list for PBXProject "station" */;
			compatibilityVersion = "Xcode 9.3";
			developmentRegion = en;
			hasScannedForEncodings = 0;
			knownRegions = (
				en,
				Base,
			);
			mainGroup = 64333D1C20B0C45900CDF4B6;
			productRefGroup = 64333D2620B0C45900CDF4B6 /* Products */;
			projectDirPath = "";
			projectRoot = "";
			targets = (
				64333D2420B0C45900CDF4B6 /* station */,
				64333D3820B0C45A00CDF4B6 /* stationTests */,
				64333D4320B0C45B00CDF4B6 /* stationUITests */,
			);
		};
/* End PBXProject section */

/* Begin PBXResourcesBuildPhase section */
		64333D2320B0C45900CDF4B6 /* Resources */ = {
			isa = PBXResourcesBuildPhase;
			buildActionMask = 2147483647;
			files = (
				6486971220E0439200CCD7C1 /* Montserrat-Regular.ttf in Resources */,
				64333D3320B0C45A00CDF4B6 /* LaunchScreen.storyboard in Resources */,
				6486971020E0436A00CCD7C1 /* Oswald-Bold.ttf in Resources */,
				0E09672822AE8D7A00E85F48 /* Discover.storyboard in Resources */,
				64678192225D03330072856A /* Muli-Regular.ttf in Resources */,
				643EEC2B2266435100D4E837 /* Oswald-ExtraLight.ttf in Resources */,
				0E09672022AE7F5C00E85F48 /* Welcome.storyboard in Resources */,
				64333D3020B0C45A00CDF4B6 /* Assets.xcassets in Resources */,
				64333D2E20B0C45900CDF4B6 /* Main.storyboard in Resources */,
				0E502FA822B2784C00E8A6CC /* RuuviTag.storyboard in Resources */,
				64678191225D03300072856A /* Muli-Bold.ttf in Resources */,
				643C651F21C38F490037BE5B /* Montserrat-Bold.ttf in Resources */,
			);
			runOnlyForDeploymentPostprocessing = 0;
		};
		64333D3720B0C45A00CDF4B6 /* Resources */ = {
			isa = PBXResourcesBuildPhase;
			buildActionMask = 2147483647;
			files = (
			);
			runOnlyForDeploymentPostprocessing = 0;
		};
		64333D4220B0C45B00CDF4B6 /* Resources */ = {
			isa = PBXResourcesBuildPhase;
			buildActionMask = 2147483647;
			files = (
			);
			runOnlyForDeploymentPostprocessing = 0;
		};
/* End PBXResourcesBuildPhase section */

/* Begin PBXShellScriptBuildPhase section */
		2567A7112BEF24FC4AE05742 /* [CP] Check Pods Manifest.lock */ = {
			isa = PBXShellScriptBuildPhase;
			buildActionMask = 2147483647;
			files = (
			);
			inputFileListPaths = (
			);
			inputPaths = (
				"${PODS_PODFILE_DIR_PATH}/Podfile.lock",
				"${PODS_ROOT}/Manifest.lock",
			);
			name = "[CP] Check Pods Manifest.lock";
			outputFileListPaths = (
			);
			outputPaths = (
				"$(DERIVED_FILE_DIR)/Pods-station-checkManifestLockResult.txt",
			);
			runOnlyForDeploymentPostprocessing = 0;
			shellPath = /bin/sh;
			shellScript = "diff \"${PODS_PODFILE_DIR_PATH}/Podfile.lock\" \"${PODS_ROOT}/Manifest.lock\" > /dev/null\nif [ $? != 0 ] ; then\n    # print error to STDERR\n    echo \"error: The sandbox is not in sync with the Podfile.lock. Run 'pod install' or update your CocoaPods installation.\" >&2\n    exit 1\nfi\n# This output is used by Xcode 'outputs' to avoid re-running this script phase.\necho \"SUCCESS\" > \"${SCRIPT_OUTPUT_FILE_0}\"\n";
			showEnvVarsInLog = 0;
		};
		A43B8107615E95F795F34AEE /* [CP] Embed Pods Frameworks */ = {
			isa = PBXShellScriptBuildPhase;
			buildActionMask = 2147483647;
			files = (
			);
			inputFileListPaths = (
				"${PODS_ROOT}/Target Support Files/Pods-station/Pods-station-frameworks-${CONFIGURATION}-input-files.xcfilelist",
			);
			name = "[CP] Embed Pods Frameworks";
			outputFileListPaths = (
				"${PODS_ROOT}/Target Support Files/Pods-station/Pods-station-frameworks-${CONFIGURATION}-output-files.xcfilelist",
			);
			runOnlyForDeploymentPostprocessing = 0;
			shellPath = /bin/sh;
			shellScript = "\"${PODS_ROOT}/Target Support Files/Pods-station/Pods-station-frameworks.sh\"\n";
			showEnvVarsInLog = 0;
		};
/* End PBXShellScriptBuildPhase section */

/* Begin PBXSourcesBuildPhase section */
		64333D2120B0C45900CDF4B6 /* Sources */ = {
			isa = PBXSourcesBuildPhase;
			buildActionMask = 2147483647;
			files = (
				0E70A46C22AF9705006CB87C /* DiscoverTableViewController.swift in Sources */,
				0E70A46822AF9658006CB87C /* Theme.swift in Sources */,
				0E502FAC22B27A3100E8A6CC /* RuuviTagViewInput.swift in Sources */,
				0E09672522AE897000E85F48 /* CALayer+IB.swift in Sources */,
				0E70A46622AF962A006CB87C /* Themeable.swift in Sources */,
				0E502FC422B285B900E8A6CC /* RuuviTagAddTransitioningDelegate.swift in Sources */,
				0E70A46322AF959E006CB87C /* Localizable.swift in Sources */,
				0E502FAE22B27A4E00E8A6CC /* RuuviTagViewOutput.swift in Sources */,
				0E502FB722B27B5D00E8A6CC /* RuuviTagConfigurator.swift in Sources */,
				0E70A48D22B1FFAF006CB87C /* CircleCollectionViewLayout.swift in Sources */,
				0E502FBA22B27D4800E8A6CC /* TemperatureUnit.swift in Sources */,
				0E502FCF22B2877900E8A6CC /* RuuviTagRouterInput.swift in Sources */,
				0E09672C22AE94F000E85F48 /* DiscoverTableViewCell.swift in Sources */,
				0E502FB022B27A7800E8A6CC /* RuuviTagModuleInput.swift in Sources */,
				0E70A48722AFC52B006CB87C /* DiscoverPulsatorConfigurator.swift in Sources */,
				0E502FC622B285E700E8A6CC /* RuuviTagAddPresentTransitionAnimation.swift in Sources */,
				0E70A46E22AF9763006CB87C /* DiscoverViewInput.swift in Sources */,
				0E502FB522B27B2800E8A6CC /* RuuviTagInitializer.swift in Sources */,
				0E502FBE22B2817900E8A6CC /* DiscoverRouterInput.swift in Sources */,
				0E70A46022AF9567006CB87C /* ViewInput.swift in Sources */,
				0E70A47522AF9978006CB87C /* DiscoverPresenter.swift in Sources */,
				0E70A47B22AF9BE2006CB87C /* DiscoverTableInitializer.swift in Sources */,
				0E70A47022AF9790006CB87C /* DiscoverViewOutput.swift in Sources */,
				0E502FC022B2819B00E8A6CC /* DiscoverRouter.swift in Sources */,
				0E502FCD22B2876A00E8A6CC /* RuuviTagRouter.swift in Sources */,
				0E70A48522AFC4FF006CB87C /* DiscoverPulsatorInitializer.swift in Sources */,
				0E70A48222AFC36E006CB87C /* DiscoverPulsatorCollectionViewCell.swift in Sources */,
				0E70A48022AFA335006CB87C /* DiscoverPulsatorViewController.swift in Sources */,
				0E70A47322AF9953006CB87C /* DiscoverModuleInput.swift in Sources */,
				0E70A47D22AF9BFE006CB87C /* DiscoverTableConfigurator.swift in Sources */,
				64333D2920B0C45900CDF4B6 /* AppDelegate.swift in Sources */,
				0E502FC822B2861F00E8A6CC /* RuuviTagAddDismissTransitionAnimation.swift in Sources */,
				0E502FCA22B2864E00E8A6CC /* RuuviTagAddPresentationController.swift in Sources */,
				0E502FAA22B278F500E8A6CC /* RuuviTagViewController.swift in Sources */,
				0E09672222AE7FCF00E85F48 /* WelcomeViewController.swift in Sources */,
				0E70A48B22AFC77F006CB87C /* Pulsator.swift in Sources */,
				0E502FB222B27AA800E8A6CC /* RuuviTagPresenter.swift in Sources */,
			);
			runOnlyForDeploymentPostprocessing = 0;
		};
		64333D3520B0C45A00CDF4B6 /* Sources */ = {
			isa = PBXSourcesBuildPhase;
			buildActionMask = 2147483647;
			files = (
				64333D3E20B0C45A00CDF4B6 /* stationTests.swift in Sources */,
			);
			runOnlyForDeploymentPostprocessing = 0;
		};
		64333D4020B0C45B00CDF4B6 /* Sources */ = {
			isa = PBXSourcesBuildPhase;
			buildActionMask = 2147483647;
			files = (
				64333D4920B0C45B00CDF4B6 /* stationUITests.swift in Sources */,
			);
			runOnlyForDeploymentPostprocessing = 0;
		};
/* End PBXSourcesBuildPhase section */

/* Begin PBXTargetDependency section */
		64333D3B20B0C45A00CDF4B6 /* PBXTargetDependency */ = {
			isa = PBXTargetDependency;
			target = 64333D2420B0C45900CDF4B6 /* station */;
			targetProxy = 64333D3A20B0C45A00CDF4B6 /* PBXContainerItemProxy */;
		};
		64333D4620B0C45B00CDF4B6 /* PBXTargetDependency */ = {
			isa = PBXTargetDependency;
			target = 64333D2420B0C45900CDF4B6 /* station */;
			targetProxy = 64333D4520B0C45B00CDF4B6 /* PBXContainerItemProxy */;
		};
/* End PBXTargetDependency section */

/* Begin PBXVariantGroup section */
		64333D2C20B0C45900CDF4B6 /* Main.storyboard */ = {
			isa = PBXVariantGroup;
			children = (
				64333D2D20B0C45900CDF4B6 /* Base */,
			);
			name = Main.storyboard;
			sourceTree = "<group>";
		};
		64333D3120B0C45A00CDF4B6 /* LaunchScreen.storyboard */ = {
			isa = PBXVariantGroup;
			children = (
				64333D3220B0C45A00CDF4B6 /* Base */,
			);
			name = LaunchScreen.storyboard;
			sourceTree = "<group>";
		};
/* End PBXVariantGroup section */

/* Begin XCBuildConfiguration section */
		64333D4B20B0C45B00CDF4B6 /* Debug */ = {
			isa = XCBuildConfiguration;
			buildSettings = {
				ALWAYS_SEARCH_USER_PATHS = NO;
				CLANG_ANALYZER_NONNULL = YES;
				CLANG_ANALYZER_NUMBER_OBJECT_CONVERSION = YES_AGGRESSIVE;
				CLANG_CXX_LANGUAGE_STANDARD = "gnu++14";
				CLANG_CXX_LIBRARY = "libc++";
				CLANG_ENABLE_MODULES = YES;
				CLANG_ENABLE_OBJC_ARC = YES;
				CLANG_ENABLE_OBJC_WEAK = YES;
				CLANG_WARN_BLOCK_CAPTURE_AUTORELEASING = YES;
				CLANG_WARN_BOOL_CONVERSION = YES;
				CLANG_WARN_COMMA = YES;
				CLANG_WARN_CONSTANT_CONVERSION = YES;
				CLANG_WARN_DEPRECATED_OBJC_IMPLEMENTATIONS = YES;
				CLANG_WARN_DIRECT_OBJC_ISA_USAGE = YES_ERROR;
				CLANG_WARN_DOCUMENTATION_COMMENTS = YES;
				CLANG_WARN_EMPTY_BODY = YES;
				CLANG_WARN_ENUM_CONVERSION = YES;
				CLANG_WARN_INFINITE_RECURSION = YES;
				CLANG_WARN_INT_CONVERSION = YES;
				CLANG_WARN_NON_LITERAL_NULL_CONVERSION = YES;
				CLANG_WARN_OBJC_IMPLICIT_RETAIN_SELF = YES;
				CLANG_WARN_OBJC_LITERAL_CONVERSION = YES;
				CLANG_WARN_OBJC_ROOT_CLASS = YES_ERROR;
				CLANG_WARN_RANGE_LOOP_ANALYSIS = YES;
				CLANG_WARN_STRICT_PROTOTYPES = YES;
				CLANG_WARN_SUSPICIOUS_MOVE = YES;
				CLANG_WARN_UNGUARDED_AVAILABILITY = YES_AGGRESSIVE;
				CLANG_WARN_UNREACHABLE_CODE = YES;
				CLANG_WARN__DUPLICATE_METHOD_MATCH = YES;
				CODE_SIGN_IDENTITY = "iPhone Developer";
				COPY_PHASE_STRIP = NO;
				DEBUG_INFORMATION_FORMAT = dwarf;
				ENABLE_STRICT_OBJC_MSGSEND = YES;
				ENABLE_TESTABILITY = YES;
				GCC_C_LANGUAGE_STANDARD = gnu11;
				GCC_DYNAMIC_NO_PIC = NO;
				GCC_NO_COMMON_BLOCKS = YES;
				GCC_OPTIMIZATION_LEVEL = 0;
				GCC_PREPROCESSOR_DEFINITIONS = (
					"DEBUG=1",
					"$(inherited)",
				);
				GCC_WARN_64_TO_32_BIT_CONVERSION = YES;
				GCC_WARN_ABOUT_RETURN_TYPE = YES_ERROR;
				GCC_WARN_UNDECLARED_SELECTOR = YES;
				GCC_WARN_UNINITIALIZED_AUTOS = YES_AGGRESSIVE;
				GCC_WARN_UNUSED_FUNCTION = YES;
				GCC_WARN_UNUSED_VARIABLE = YES;
				IPHONEOS_DEPLOYMENT_TARGET = 11.3;
				MTL_ENABLE_DEBUG_INFO = YES;
				ONLY_ACTIVE_ARCH = YES;
				SDKROOT = iphoneos;
				SWIFT_ACTIVE_COMPILATION_CONDITIONS = DEBUG;
				SWIFT_OPTIMIZATION_LEVEL = "-Onone";
			};
			name = Debug;
		};
		64333D4C20B0C45B00CDF4B6 /* Release */ = {
			isa = XCBuildConfiguration;
			buildSettings = {
				ALWAYS_SEARCH_USER_PATHS = NO;
				CLANG_ANALYZER_NONNULL = YES;
				CLANG_ANALYZER_NUMBER_OBJECT_CONVERSION = YES_AGGRESSIVE;
				CLANG_CXX_LANGUAGE_STANDARD = "gnu++14";
				CLANG_CXX_LIBRARY = "libc++";
				CLANG_ENABLE_MODULES = YES;
				CLANG_ENABLE_OBJC_ARC = YES;
				CLANG_ENABLE_OBJC_WEAK = YES;
				CLANG_WARN_BLOCK_CAPTURE_AUTORELEASING = YES;
				CLANG_WARN_BOOL_CONVERSION = YES;
				CLANG_WARN_COMMA = YES;
				CLANG_WARN_CONSTANT_CONVERSION = YES;
				CLANG_WARN_DEPRECATED_OBJC_IMPLEMENTATIONS = YES;
				CLANG_WARN_DIRECT_OBJC_ISA_USAGE = YES_ERROR;
				CLANG_WARN_DOCUMENTATION_COMMENTS = YES;
				CLANG_WARN_EMPTY_BODY = YES;
				CLANG_WARN_ENUM_CONVERSION = YES;
				CLANG_WARN_INFINITE_RECURSION = YES;
				CLANG_WARN_INT_CONVERSION = YES;
				CLANG_WARN_NON_LITERAL_NULL_CONVERSION = YES;
				CLANG_WARN_OBJC_IMPLICIT_RETAIN_SELF = YES;
				CLANG_WARN_OBJC_LITERAL_CONVERSION = YES;
				CLANG_WARN_OBJC_ROOT_CLASS = YES_ERROR;
				CLANG_WARN_RANGE_LOOP_ANALYSIS = YES;
				CLANG_WARN_STRICT_PROTOTYPES = YES;
				CLANG_WARN_SUSPICIOUS_MOVE = YES;
				CLANG_WARN_UNGUARDED_AVAILABILITY = YES_AGGRESSIVE;
				CLANG_WARN_UNREACHABLE_CODE = YES;
				CLANG_WARN__DUPLICATE_METHOD_MATCH = YES;
				CODE_SIGN_IDENTITY = "iPhone Developer";
				COPY_PHASE_STRIP = NO;
				DEBUG_INFORMATION_FORMAT = "dwarf-with-dsym";
				ENABLE_NS_ASSERTIONS = NO;
				ENABLE_STRICT_OBJC_MSGSEND = YES;
				GCC_C_LANGUAGE_STANDARD = gnu11;
				GCC_NO_COMMON_BLOCKS = YES;
				GCC_WARN_64_TO_32_BIT_CONVERSION = YES;
				GCC_WARN_ABOUT_RETURN_TYPE = YES_ERROR;
				GCC_WARN_UNDECLARED_SELECTOR = YES;
				GCC_WARN_UNINITIALIZED_AUTOS = YES_AGGRESSIVE;
				GCC_WARN_UNUSED_FUNCTION = YES;
				GCC_WARN_UNUSED_VARIABLE = YES;
				IPHONEOS_DEPLOYMENT_TARGET = 11.3;
				MTL_ENABLE_DEBUG_INFO = NO;
				SDKROOT = iphoneos;
				SWIFT_COMPILATION_MODE = wholemodule;
				SWIFT_OPTIMIZATION_LEVEL = "-O";
				VALIDATE_PRODUCT = YES;
			};
			name = Release;
		};
		64333D4E20B0C45B00CDF4B6 /* Debug */ = {
			isa = XCBuildConfiguration;
			baseConfigurationReference = 9C252460A1DD9D5D5C13F56C /* Pods-station.debug.xcconfig */;
			buildSettings = {
				ASSETCATALOG_COMPILER_APPICON_NAME = AppIcon;
				CODE_SIGN_IDENTITY = "iPhone Developer";
				CODE_SIGN_STYLE = Automatic;
				DEVELOPMENT_TEAM = 5V5EUT3ZXJ;
				INFOPLIST_FILE = "$(SRCROOT)/station/Resources/Plists/Info.plist";
				IPHONEOS_DEPLOYMENT_TARGET = 10.0;
				LD_RUNPATH_SEARCH_PATHS = (
					"$(inherited)",
					"@executable_path/Frameworks",
				);
				PRODUCT_BUNDLE_IDENTIFIER = com.ruuvi.station;
				PRODUCT_NAME = "$(TARGET_NAME)";
				PROVISIONING_PROFILE = "";
				PROVISIONING_PROFILE_SPECIFIER = "";
				SWIFT_VERSION = 5.0;
				TARGETED_DEVICE_FAMILY = "1,2";
			};
			name = Debug;
		};
		64333D4F20B0C45B00CDF4B6 /* Release */ = {
			isa = XCBuildConfiguration;
			baseConfigurationReference = 7E707F5BD489AD48039C69F6 /* Pods-station.release.xcconfig */;
			buildSettings = {
				ASSETCATALOG_COMPILER_APPICON_NAME = AppIcon;
				CODE_SIGN_IDENTITY = "iPhone Developer";
				CODE_SIGN_STYLE = Automatic;
				DEVELOPMENT_TEAM = 5V5EUT3ZXJ;
				INFOPLIST_FILE = "$(SRCROOT)/station/Resources/Plists/Info.plist";
				IPHONEOS_DEPLOYMENT_TARGET = 10.0;
				LD_RUNPATH_SEARCH_PATHS = (
					"$(inherited)",
					"@executable_path/Frameworks",
				);
				PRODUCT_BUNDLE_IDENTIFIER = com.ruuvi.station;
				PRODUCT_NAME = "$(TARGET_NAME)";
				PROVISIONING_PROFILE = "";
				PROVISIONING_PROFILE_SPECIFIER = "";
				SWIFT_VERSION = 5.0;
				TARGETED_DEVICE_FAMILY = "1,2";
			};
			name = Release;
		};
		64333D5120B0C45B00CDF4B6 /* Debug */ = {
			isa = XCBuildConfiguration;
			buildSettings = {
				ALWAYS_EMBED_SWIFT_STANDARD_LIBRARIES = YES;
				BUNDLE_LOADER = "$(TEST_HOST)";
				CODE_SIGN_STYLE = Automatic;
				DEVELOPMENT_TEAM = 4MUYJ4YYH4;
				INFOPLIST_FILE = stationTests/Info.plist;
				LD_RUNPATH_SEARCH_PATHS = (
					"$(inherited)",
					"@executable_path/Frameworks",
					"@loader_path/Frameworks",
				);
				PRODUCT_BUNDLE_IDENTIFIER = com.ruuvi.stationTests;
				PRODUCT_NAME = "$(TARGET_NAME)";
				SWIFT_VERSION = 5.0;
				TARGETED_DEVICE_FAMILY = "1,2";
				TEST_HOST = "$(BUILT_PRODUCTS_DIR)/station.app/station";
			};
			name = Debug;
		};
		64333D5220B0C45B00CDF4B6 /* Release */ = {
			isa = XCBuildConfiguration;
			buildSettings = {
				ALWAYS_EMBED_SWIFT_STANDARD_LIBRARIES = YES;
				BUNDLE_LOADER = "$(TEST_HOST)";
				CODE_SIGN_STYLE = Automatic;
				DEVELOPMENT_TEAM = 4MUYJ4YYH4;
				INFOPLIST_FILE = stationTests/Info.plist;
				LD_RUNPATH_SEARCH_PATHS = (
					"$(inherited)",
					"@executable_path/Frameworks",
					"@loader_path/Frameworks",
				);
				PRODUCT_BUNDLE_IDENTIFIER = com.ruuvi.stationTests;
				PRODUCT_NAME = "$(TARGET_NAME)";
				SWIFT_VERSION = 5.0;
				TARGETED_DEVICE_FAMILY = "1,2";
				TEST_HOST = "$(BUILT_PRODUCTS_DIR)/station.app/station";
			};
			name = Release;
		};
		64333D5420B0C45B00CDF4B6 /* Debug */ = {
			isa = XCBuildConfiguration;
			buildSettings = {
				ALWAYS_EMBED_SWIFT_STANDARD_LIBRARIES = YES;
				CODE_SIGN_STYLE = Automatic;
				DEVELOPMENT_TEAM = 4MUYJ4YYH4;
				INFOPLIST_FILE = stationUITests/Info.plist;
				LD_RUNPATH_SEARCH_PATHS = (
					"$(inherited)",
					"@executable_path/Frameworks",
					"@loader_path/Frameworks",
				);
				PRODUCT_BUNDLE_IDENTIFIER = com.ruuvi.stationUITests;
				PRODUCT_NAME = "$(TARGET_NAME)";
				SWIFT_VERSION = 5.0;
				TARGETED_DEVICE_FAMILY = "1,2";
				TEST_TARGET_NAME = station;
			};
			name = Debug;
		};
		64333D5520B0C45B00CDF4B6 /* Release */ = {
			isa = XCBuildConfiguration;
			buildSettings = {
				ALWAYS_EMBED_SWIFT_STANDARD_LIBRARIES = YES;
				CODE_SIGN_STYLE = Automatic;
				DEVELOPMENT_TEAM = 4MUYJ4YYH4;
				INFOPLIST_FILE = stationUITests/Info.plist;
				LD_RUNPATH_SEARCH_PATHS = (
					"$(inherited)",
					"@executable_path/Frameworks",
					"@loader_path/Frameworks",
				);
				PRODUCT_BUNDLE_IDENTIFIER = com.ruuvi.stationUITests;
				PRODUCT_NAME = "$(TARGET_NAME)";
				SWIFT_VERSION = 5.0;
				TARGETED_DEVICE_FAMILY = "1,2";
				TEST_TARGET_NAME = station;
			};
			name = Release;
		};
/* End XCBuildConfiguration section */

/* Begin XCConfigurationList section */
		64333D2020B0C45900CDF4B6 /* Build configuration list for PBXProject "station" */ = {
			isa = XCConfigurationList;
			buildConfigurations = (
				64333D4B20B0C45B00CDF4B6 /* Debug */,
				64333D4C20B0C45B00CDF4B6 /* Release */,
			);
			defaultConfigurationIsVisible = 0;
			defaultConfigurationName = Release;
		};
		64333D4D20B0C45B00CDF4B6 /* Build configuration list for PBXNativeTarget "station" */ = {
			isa = XCConfigurationList;
			buildConfigurations = (
				64333D4E20B0C45B00CDF4B6 /* Debug */,
				64333D4F20B0C45B00CDF4B6 /* Release */,
			);
			defaultConfigurationIsVisible = 0;
			defaultConfigurationName = Release;
		};
		64333D5020B0C45B00CDF4B6 /* Build configuration list for PBXNativeTarget "stationTests" */ = {
			isa = XCConfigurationList;
			buildConfigurations = (
				64333D5120B0C45B00CDF4B6 /* Debug */,
				64333D5220B0C45B00CDF4B6 /* Release */,
			);
			defaultConfigurationIsVisible = 0;
			defaultConfigurationName = Release;
		};
		64333D5320B0C45B00CDF4B6 /* Build configuration list for PBXNativeTarget "stationUITests" */ = {
			isa = XCConfigurationList;
			buildConfigurations = (
				64333D5420B0C45B00CDF4B6 /* Debug */,
				64333D5520B0C45B00CDF4B6 /* Release */,
			);
			defaultConfigurationIsVisible = 0;
			defaultConfigurationName = Release;
		};
/* End XCConfigurationList section */
	};
	rootObject = 64333D1D20B0C45900CDF4B6 /* Project object */;
}
