PODS:
  - BTKit (0.0.1):
    - BTKit/Devices (= 0.0.1)
    - BTKit/Ruuvi (= 0.0.1)
    - BTKit/Scanner (= 0.0.1)
  - BTKit/Devices (0.0.1)
  - BTKit/Ruuvi (0.0.1):
    - BTKit/Devices
    - BTKit/Scanner
  - BTKit/Scanner (0.0.1):
    - BTKit/Devices
  - DateToolsSwift (4.0.0)
  - EmptyDataSet-Swift (4.2.0)
  - LightRoute (2.1.20)
  - Localize-Swift (2.0.0)
  - Realm (3.16.1):
    - Realm/Headers (= 3.16.1)
  - Realm/Headers (3.16.1)
  - RealmSwift (3.16.1):
    - Realm (= 3.16.1)

DEPENDENCIES:
  - BTKit (from `../BTKit`)
  - DateToolsSwift
  - EmptyDataSet-Swift
  - LightRoute (from `https://github.com/rinat-enikeev/LightRoute.git`)
  - Localize-Swift
  - RealmSwift

SPEC REPOS:
  https://github.com/cocoapods/specs.git:
    - DateToolsSwift
    - EmptyDataSet-Swift
    - Localize-Swift
    - Realm
    - RealmSwift

EXTERNAL SOURCES:
  BTKit:
    :path: "../BTKit"
  LightRoute:
    :git: https://github.com/rinat-enikeev/LightRoute.git

CHECKOUT OPTIONS:
  LightRoute:
    :commit: c537a7afacc290504bc73c4a893957a4e1932fb7
    :git: https://github.com/rinat-enikeev/LightRoute.git

SPEC CHECKSUMS:
  BTKit: 7856ad6841801150c1bb845a2cdd0e9586ceebe6
  DateToolsSwift: 875d97ff9e3a5d54abdd67a269b3f51c757b71ab
  EmptyDataSet-Swift: 1fa0b35f530a35f852ecb2b53564728b0c300aaf
  LightRoute: aa65803a1d984be3be83651b433699077bfe6ab3
  Localize-Swift: c798ec9286494866f7068f85f7c71283ac5bdab4
  Realm: 601cacc51d8be3b17a377ef787be0f6ee0e76cf1
  RealmSwift: 486f2e09d5a8ccff63ed66e48d0846b111deb5e5

PODFILE CHECKSUM: 8333e3c2269bc72bb98fb8621a2c03ca2a0cfe12

COCOAPODS: 1.7.0
